
Microsoft Visual Studio Solution File, Format Version 12.00
# Visual Studio Version 17
VisualStudioVersion = 17.6.33717.318
MinimumVisualStudioVersion = 10.0.40219.1
Project("{8BC9CEB8-8B4A-11D0-8D11-00A0C91BC942}") = "NMF", "NMF.vcxproj", "{4588C7CE-304F-460F-A0B8-3272ACD13158}"
EndProject
Global
	GlobalSection(SolutionConfigurationPlatforms) = preSolution
		Debug|x64 = Debug|x64
		Debug|x86 = Debug|x86
		Release|x64 = Release|x64
		Release|x86 = Release|x86
	EndGlobalSection
	GlobalSection(ProjectConfigurationPlatforms) = postSolution
		{4588C7CE-304F-460F-A0B8-3272ACD13158}.Debug|x64.ActiveCfg = Debug|x64
		{4588C7CE-304F-460F-A0B8-3272ACD13158}.Debug|x64.Build.0 = Debug|x64
		{4588C7CE-304F-460F-A0B8-3272ACD13158}.Debug|x86.ActiveCfg = Debug|Win32
		{4588C7CE-304F-460F-A0B8-3272ACD13158}.Debug|x86.Build.0 = Debug|Win32
		{4588C7CE-304F-460F-A0B8-3272ACD13158}.Release|x64.ActiveCfg = Release|x64
		{4588C7CE-304F-460F-A0B8-3272ACD13158}.Release|x64.Build.0 = Release|x64
		{4588C7CE-304F-460F-A0B8-3272ACD13158}.Release|x86.ActiveCfg = Release|Win32
		{4588C7CE-304F-460F-A0B8-3272ACD13158}.Release|x86.Build.0 = Release|Win32
	EndGlobalSection
	GlobalSection(SolutionProperties) = preSolution
		HideSolutionNode = FALSE
	EndGlobalSection
	GlobalSection(ExtensibilityGlobals) = postSolution
		SolutionGuid = {02FB70B6-E111-42E5-BAF6-664BA0B47B31}
	EndGlobalSection
EndGlobal
